
Microsoft Visual Studio Solution File, Format Version 12.00
# Visual Studio Version 16
VisualStudioVersion = 16.0.30907.101
MinimumVisualStudioVersion = 10.0.40219.1
Project("{FAE04EC0-301F-11D3-BF4B-00C04F79EFBC}") = "Hooke-Jeeves", "Hooke-Jeeves.csproj", "{D088AD00-7542-4CDA-85D0-B0CAC88A6083}"
EndProject
Global
	GlobalSection(SolutionConfigurationPlatforms) = preSolution
		Debug|Any CPU = Debug|Any CPU
		Release|Any CPU = Release|Any CPU
	EndGlobalSection
	GlobalSection(ProjectConfigurationPlatforms) = postSolution
		{D088AD00-7542-4CDA-85D0-B0CAC88A6083}.Debug|Any CPU.ActiveCfg = Debug|Any CPU
		{D088AD00-7542-4CDA-85D0-B0CAC88A6083}.Debug|Any CPU.Build.0 = Debug|Any CPU
		{D088AD00-7542-4CDA-85D0-B0CAC88A6083}.Release|Any CPU.ActiveCfg = Release|Any CPU
		{D088AD00-7542-4CDA-85D0-B0CAC88A6083}.Release|Any CPU.Build.0 = Release|Any CPU
	EndGlobalSection
	GlobalSection(SolutionProperties) = preSolution
		HideSolutionNode = FALSE
	EndGlobalSection
	GlobalSection(ExtensibilityGlobals) = postSolution
		SolutionGuid = {1F82B116-8AE2-4EED-BB24-4B23F07D91FD}
	EndGlobalSection
EndGlobal
